
Microsoft Visual Studio Solution File, Format Version 12.00
# Visual Studio Version 17
VisualStudioVersion = 17.13.35931.197 d17.13
MinimumVisualStudioVersion = 10.0.40219.1
Project("{FAE04EC0-301F-11D3-BF4B-00C04F79EFBC}") = "Portfolio", "Portfolio\Portfolio.csproj", "{1213E0FC-237E-483E-B858-38A13FF42DD8}"
EndProject
Global
	GlobalSection(SolutionConfigurationPlatforms) = preSolution
		Debug|Any CPU = Debug|Any CPU
		Release|Any CPU = Release|Any CPU
	EndGlobalSection
	GlobalSection(ProjectConfigurationPlatforms) = postSolution
		{1213E0FC-237E-483E-B858-38A13FF42DD8}.Debug|Any CPU.ActiveCfg = Debug|Any CPU
		{1213E0FC-237E-483E-B858-38A13FF42DD8}.Debug|Any CPU.Build.0 = Debug|Any CPU
		{1213E0FC-237E-483E-B858-38A13FF42DD8}.Release|Any CPU.ActiveCfg = Release|Any CPU
		{1213E0FC-237E-483E-B858-38A13FF42DD8}.Release|Any CPU.Build.0 = Release|Any CPU
	EndGlobalSection
	GlobalSection(SolutionProperties) = preSolution
		HideSolutionNode = FALSE
	EndGlobalSection
	GlobalSection(ExtensibilityGlobals) = postSolution
		SolutionGuid = {3C979282-8447-47D4-B612-BD8C3A0FC980}
	EndGlobalSection
EndGlobal
